
Microsoft Visual Studio Solution File, Format Version 12.00
# Visual Studio Version 16
VisualStudioVersion = 16.0.30804.86
MinimumVisualStudioVersion = 10.0.40219.1
Project("{FAE04EC0-301F-11D3-BF4B-00C04F79EFBC}") = "PrintControllerDemo", "PrintControllerDemo.csproj", "{40B06E72-4AA4-40E1-90A1-722C215359F6}"
EndProject
Global
	GlobalSection(SolutionConfigurationPlatforms) = preSolution
		Debug|Any CPU = Debug|Any CPU
		Release|Any CPU = Release|Any CPU
	EndGlobalSection
	GlobalSection(ProjectConfigurationPlatforms) = postSolution
		{40B06E72-4AA4-40E1-90A1-722C215359F6}.Debug|Any CPU.ActiveCfg = Debug|Any CPU
		{40B06E72-4AA4-40E1-90A1-722C215359F6}.Debug|Any CPU.Build.0 = Debug|Any CPU
		{40B06E72-4AA4-40E1-90A1-722C215359F6}.Release|Any CPU.ActiveCfg = Release|Any CPU
		{40B06E72-4AA4-40E1-90A1-722C215359F6}.Release|Any CPU.Build.0 = Release|Any CPU
	EndGlobalSection
	GlobalSection(SolutionProperties) = preSolution
		HideSolutionNode = FALSE
	EndGlobalSection
	GlobalSection(ExtensibilityGlobals) = postSolution
		SolutionGuid = {DDE0417A-7644-42DB-8895-463A310C49F6}
	EndGlobalSection
EndGlobal
